
Microsoft Visual Studio Solution File, Format Version 12.00
# Visual Studio Version 16
VisualStudioVersion = 16.0.30011.22
MinimumVisualStudioVersion = 10.0.40219.1
Project("{FAE04EC0-301F-11D3-BF4B-00C04F79EFBC}") = "Academia.Server", "Server\Academia.Server.csproj", "{38CC62C1-7272-41AC-88C7-E5CBE9F07A29}"
EndProject
Project("{FAE04EC0-301F-11D3-BF4B-00C04F79EFBC}") = "Academia.Client", "Client\Academia.Client.csproj", "{B2CCD3B2-A783-4B8F-A698-F080A957FA4D}"
EndProject
Project("{FAE04EC0-301F-11D3-BF4B-00C04F79EFBC}") = "Academia.Shared", "Shared\Academia.Shared.csproj", "{6C096116-9A93-4258-AE1B-DC964BBF3A1E}"
EndProject
Global
	GlobalSection(SolutionConfigurationPlatforms) = preSolution
		Debug|Any CPU = Debug|Any CPU
		Release|Any CPU = Release|Any CPU
	EndGlobalSection
	GlobalSection(ProjectConfigurationPlatforms) = postSolution
		{38CC62C1-7272-41AC-88C7-E5CBE9F07A29}.Debug|Any CPU.ActiveCfg = Debug|Any CPU
		{38CC62C1-7272-41AC-88C7-E5CBE9F07A29}.Debug|Any CPU.Build.0 = Debug|Any CPU
		{38CC62C1-7272-41AC-88C7-E5CBE9F07A29}.Release|Any CPU.ActiveCfg = Release|Any CPU
		{38CC62C1-7272-41AC-88C7-E5CBE9F07A29}.Release|Any CPU.Build.0 = Release|Any CPU
		{B2CCD3B2-A783-4B8F-A698-F080A957FA4D}.Debug|Any CPU.ActiveCfg = Debug|Any CPU
		{B2CCD3B2-A783-4B8F-A698-F080A957FA4D}.Debug|Any CPU.Build.0 = Debug|Any CPU
		{B2CCD3B2-A783-4B8F-A698-F080A957FA4D}.Release|Any CPU.ActiveCfg = Release|Any CPU
		{B2CCD3B2-A783-4B8F-A698-F080A957FA4D}.Release|Any CPU.Build.0 = Release|Any CPU
		{6C096116-9A93-4258-AE1B-DC964BBF3A1E}.Debug|Any CPU.ActiveCfg = Debug|Any CPU
		{6C096116-9A93-4258-AE1B-DC964BBF3A1E}.Debug|Any CPU.Build.0 = Debug|Any CPU
		{6C096116-9A93-4258-AE1B-DC964BBF3A1E}.Release|Any CPU.ActiveCfg = Release|Any CPU
		{6C096116-9A93-4258-AE1B-DC964BBF3A1E}.Release|Any CPU.Build.0 = Release|Any CPU
	EndGlobalSection
	GlobalSection(SolutionProperties) = preSolution
		HideSolutionNode = FALSE
	EndGlobalSection
	GlobalSection(ExtensibilityGlobals) = postSolution
		SolutionGuid = {29AC681F-3C20-414E-8B2E-C9BBF9C56F0E}
	EndGlobalSection
EndGlobal
